
Microsoft Visual Studio Solution File, Format Version 12.00
# Visual Studio Version 16
VisualStudioVersion = 16.0.30907.101
MinimumVisualStudioVersion = 10.0.40219.1
Project("{FAE04EC0-301F-11D3-BF4B-00C04F79EFBC}") = "Dictionary", "Alistirmalar_1\Dictionary.csproj", "{5F284BE4-7353-4CAA-91B0-433C3EE4C8FC}"
EndProject
Project("{FAE04EC0-301F-11D3-BF4B-00C04F79EFBC}") = "MyDictionary", "MyDictionary\MyDictionary.csproj", "{E9A5869A-3304-4DC7-AE8E-9AFF60FDDED4}"
EndProject
Global
	GlobalSection(SolutionConfigurationPlatforms) = preSolution
		Debug|Any CPU = Debug|Any CPU
		Release|Any CPU = Release|Any CPU
	EndGlobalSection
	GlobalSection(ProjectConfigurationPlatforms) = postSolution
		{5F284BE4-7353-4CAA-91B0-433C3EE4C8FC}.Debug|Any CPU.ActiveCfg = Debug|Any CPU
		{5F284BE4-7353-4CAA-91B0-433C3EE4C8FC}.Debug|Any CPU.Build.0 = Debug|Any CPU
		{5F284BE4-7353-4CAA-91B0-433C3EE4C8FC}.Release|Any CPU.ActiveCfg = Release|Any CPU
		{5F284BE4-7353-4CAA-91B0-433C3EE4C8FC}.Release|Any CPU.Build.0 = Release|Any CPU
		{E9A5869A-3304-4DC7-AE8E-9AFF60FDDED4}.Debug|Any CPU.ActiveCfg = Debug|Any CPU
		{E9A5869A-3304-4DC7-AE8E-9AFF60FDDED4}.Debug|Any CPU.Build.0 = Debug|Any CPU
		{E9A5869A-3304-4DC7-AE8E-9AFF60FDDED4}.Release|Any CPU.ActiveCfg = Release|Any CPU
		{E9A5869A-3304-4DC7-AE8E-9AFF60FDDED4}.Release|Any CPU.Build.0 = Release|Any CPU
	EndGlobalSection
	GlobalSection(SolutionProperties) = preSolution
		HideSolutionNode = FALSE
	EndGlobalSection
	GlobalSection(ExtensibilityGlobals) = postSolution
		SolutionGuid = {E337D8F5-3099-444C-AE85-BA09CDAD09E4}
	EndGlobalSection
EndGlobal
