
Microsoft Visual Studio Solution File, Format Version 12.00
# Visual Studio Version 16
VisualStudioVersion = 16.0.30907.101
MinimumVisualStudioVersion = 10.0.40219.1
Project("{9A19103F-16F7-4668-BE54-9A1E7A4F7556}") = "Dictionary", "Alistirmalar_1\Dictionary.csproj", "{5F284BE4-7353-4CAA-91B0-433C3EE4C8FC}"
EndProject
Project("{9A19103F-16F7-4668-BE54-9A1E7A4F7556}") = "MyDictionary", "MyDictionary\MyDictionary.csproj", "{E9A5869A-3304-4DC7-AE8E-9AFF60FDDED4}"
EndProject
Project("{9A19103F-16F7-4668-BE54-9A1E7A4F7556}") = "Interfaces_1", "Interfaces\Interfaces_1.csproj", "{3242F724-3B7B-465F-9B66-700F89495D66}"
EndProject
Project("{FAE04EC0-301F-11D3-BF4B-00C04F79EFBC}") = "Interfaces_2", "Interfaces_2\Interfaces_2.csproj", "{40174B7A-2DEF-46F8-A3EB-F5C62117AF31}"
EndProject
Project("{FAE04EC0-301F-11D3-BF4B-00C04F79EFBC}") = "Inheritance", "Inheritance\Inheritance.csproj", "{8F08E049-F968-4B6F-9E7E-9AC76D23D602}"
EndProject
Project("{FAE04EC0-301F-11D3-BF4B-00C04F79EFBC}") = "Interface_2", "Interface_2\Interface_2.csproj", "{3B4818C8-2694-464D-A2CE-27C58ED081A7}"
EndProject
Global
	GlobalSection(SolutionConfigurationPlatforms) = preSolution
		Debug|Any CPU = Debug|Any CPU
		Release|Any CPU = Release|Any CPU
	EndGlobalSection
	GlobalSection(ProjectConfigurationPlatforms) = postSolution
		{5F284BE4-7353-4CAA-91B0-433C3EE4C8FC}.Debug|Any CPU.ActiveCfg = Debug|Any CPU
		{5F284BE4-7353-4CAA-91B0-433C3EE4C8FC}.Debug|Any CPU.Build.0 = Debug|Any CPU
		{5F284BE4-7353-4CAA-91B0-433C3EE4C8FC}.Release|Any CPU.ActiveCfg = Release|Any CPU
		{5F284BE4-7353-4CAA-91B0-433C3EE4C8FC}.Release|Any CPU.Build.0 = Release|Any CPU
		{E9A5869A-3304-4DC7-AE8E-9AFF60FDDED4}.Debug|Any CPU.ActiveCfg = Debug|Any CPU
		{E9A5869A-3304-4DC7-AE8E-9AFF60FDDED4}.Debug|Any CPU.Build.0 = Debug|Any CPU
		{E9A5869A-3304-4DC7-AE8E-9AFF60FDDED4}.Release|Any CPU.ActiveCfg = Release|Any CPU
		{E9A5869A-3304-4DC7-AE8E-9AFF60FDDED4}.Release|Any CPU.Build.0 = Release|Any CPU
		{3242F724-3B7B-465F-9B66-700F89495D66}.Debug|Any CPU.ActiveCfg = Debug|Any CPU
		{3242F724-3B7B-465F-9B66-700F89495D66}.Debug|Any CPU.Build.0 = Debug|Any CPU
		{3242F724-3B7B-465F-9B66-700F89495D66}.Release|Any CPU.ActiveCfg = Release|Any CPU
		{3242F724-3B7B-465F-9B66-700F89495D66}.Release|Any CPU.Build.0 = Release|Any CPU
		{40174B7A-2DEF-46F8-A3EB-F5C62117AF31}.Debug|Any CPU.ActiveCfg = Debug|Any CPU
		{40174B7A-2DEF-46F8-A3EB-F5C62117AF31}.Debug|Any CPU.Build.0 = Debug|Any CPU
		{40174B7A-2DEF-46F8-A3EB-F5C62117AF31}.Release|Any CPU.ActiveCfg = Release|Any CPU
		{40174B7A-2DEF-46F8-A3EB-F5C62117AF31}.Release|Any CPU.Build.0 = Release|Any CPU
		{8F08E049-F968-4B6F-9E7E-9AC76D23D602}.Debug|Any CPU.ActiveCfg = Debug|Any CPU
		{8F08E049-F968-4B6F-9E7E-9AC76D23D602}.Debug|Any CPU.Build.0 = Debug|Any CPU
		{8F08E049-F968-4B6F-9E7E-9AC76D23D602}.Release|Any CPU.ActiveCfg = Release|Any CPU
		{8F08E049-F968-4B6F-9E7E-9AC76D23D602}.Release|Any CPU.Build.0 = Release|Any CPU
		{3B4818C8-2694-464D-A2CE-27C58ED081A7}.Debug|Any CPU.ActiveCfg = Debug|Any CPU
		{3B4818C8-2694-464D-A2CE-27C58ED081A7}.Debug|Any CPU.Build.0 = Debug|Any CPU
		{3B4818C8-2694-464D-A2CE-27C58ED081A7}.Release|Any CPU.ActiveCfg = Release|Any CPU
		{3B4818C8-2694-464D-A2CE-27C58ED081A7}.Release|Any CPU.Build.0 = Release|Any CPU
	EndGlobalSection
	GlobalSection(SolutionProperties) = preSolution
		HideSolutionNode = FALSE
	EndGlobalSection
	GlobalSection(ExtensibilityGlobals) = postSolution
		SolutionGuid = {E337D8F5-3099-444C-AE85-BA09CDAD09E4}
	EndGlobalSection
EndGlobal
